
Microsoft Visual Studio Solution File, Format Version 12.00
# Visual Studio 2015
Project("{FAE04EC0-301F-11D3-BF4B-00C04F79EFBC}") = "Archer2016.CSharp", "Archer2016.CSharp.csproj", "{76592579-1F4C-6D75-39F9-17B7C5E6E819}"
EndProject
Project("{FAE04EC0-301F-11D3-BF4B-00C04F79EFBC}") = "Archer2016.CSharp.Editor", "Archer2016.CSharp.Editor.csproj", "{0BDCB4FE-636B-28C6-766C-78698C3BB5A1}"
EndProject
Global
	GlobalSection(SolutionConfigurationPlatforms) = preSolution
		Debug|Any CPU = Debug|Any CPU
		Release|Any CPU = Release|Any CPU
	EndGlobalSection
	GlobalSection(ProjectConfigurationPlatforms) = postSolution
		{76592579-1F4C-6D75-39F9-17B7C5E6E819}.Debug|Any CPU.ActiveCfg = Debug|Any CPU
		{76592579-1F4C-6D75-39F9-17B7C5E6E819}.Debug|Any CPU.Build.0 = Debug|Any CPU
		{76592579-1F4C-6D75-39F9-17B7C5E6E819}.Release|Any CPU.ActiveCfg = Release|Any CPU
		{76592579-1F4C-6D75-39F9-17B7C5E6E819}.Release|Any CPU.Build.0 = Release|Any CPU
		{0BDCB4FE-636B-28C6-766C-78698C3BB5A1}.Debug|Any CPU.ActiveCfg = Debug|Any CPU
		{0BDCB4FE-636B-28C6-766C-78698C3BB5A1}.Debug|Any CPU.Build.0 = Debug|Any CPU
		{0BDCB4FE-636B-28C6-766C-78698C3BB5A1}.Release|Any CPU.ActiveCfg = Release|Any CPU
		{0BDCB4FE-636B-28C6-766C-78698C3BB5A1}.Release|Any CPU.Build.0 = Release|Any CPU
	EndGlobalSection
	GlobalSection(SolutionProperties) = preSolution
		HideSolutionNode = FALSE
	EndGlobalSection
EndGlobal
